// !$*UTF8*$!
{
	archiveVersion = 1;
	classes = {
	};
	objectVersion = 50;
	objects = {

/* Begin PBXBuildFile section */
		1905361324D2DC0300D8F93A /* AppDelegate.swift in Sources */ = {isa = PBXBuildFile; fileRef = 1905361224D2DC0300D8F93A /* AppDelegate.swift */; };
		1905361524D2DC0300D8F93A /* SceneDelegate.swift in Sources */ = {isa = PBXBuildFile; fileRef = 1905361424D2DC0300D8F93A /* SceneDelegate.swift */; };
		1905361724D2DC0300D8F93A /* ViewController.swift in Sources */ = {isa = PBXBuildFile; fileRef = 1905361624D2DC0300D8F93A /* ViewController.swift */; };
		1905361A24D2DC0300D8F93A /* Main.storyboard in Resources */ = {isa = PBXBuildFile; fileRef = 1905361824D2DC0300D8F93A /* Main.storyboard */; };
		1905361C24D2DC0500D8F93A /* Assets.xcassets in Resources */ = {isa = PBXBuildFile; fileRef = 1905361B24D2DC0500D8F93A /* Assets.xcassets */; };
		1905361F24D2DC0500D8F93A /* LaunchScreen.storyboard in Resources */ = {isa = PBXBuildFile; fileRef = 1905361D24D2DC0500D8F93A /* LaunchScreen.storyboard */; };
/* End PBXBuildFile section */

/* Begin PBXFileReference section */
		1905360F24D2DC0300D8F93A /* Study-LinkPresentation.app */ = {isa = PBXFileReference; explicitFileType = wrapper.application; includeInIndex = 0; path = "Study-LinkPresentation.app"; sourceTree = BUILT_PRODUCTS_DIR; };
		1905361224D2DC0300D8F93A /* AppDelegate.swift */ = {isa = PBXFileReference; lastKnownFileType = sourcecode.swift; path = AppDelegate.swift; sourceTree = "<group>"; };
		1905361424D2DC0300D8F93A /* SceneDelegate.swift */ = {isa = PBXFileReference; lastKnownFileType = sourcecode.swift; path = SceneDelegate.swift; sourceTree = "<group>"; };
		1905361624D2DC0300D8F93A /* ViewController.swift */ = {isa = PBXFileReference; lastKnownFileType = sourcecode.swift; path = ViewController.swift; sourceTree = "<group>"; };
		1905361924D2DC0300D8F93A /* Base */ = {isa = PBXFileReference; lastKnownFileType = file.storyboard; name = Base; path = Base.lproj/Main.storyboard; sourceTree = "<group>"; };
		1905361B24D2DC0500D8F93A /* Assets.xcassets */ = {isa = PBXFileReference; lastKnownFileType = folder.assetcatalog; path = Assets.xcassets; sourceTree = "<group>"; };
		1905361E24D2DC0500D8F93A /* Base */ = {isa = PBXFileReference; lastKnownFileType = file.storyboard; name = Base; path = Base.lproj/LaunchScreen.storyboard; sourceTree = "<group>"; };
		1905362024D2DC0500D8F93A /* Info.plist */ = {isa = PBXFileReference; lastKnownFileType = text.plist.xml; path = Info.plist; sourceTree = "<group>"; };
/* End PBXFileReference section */

/* Begin PBXFrameworksBuildPhase section */
		1905360C24D2DC0300D8F93A /* Frameworks */ = {
			isa = PBXFrameworksBuildPhase;
			buildActionMask = 2147483647;
			files = (
			);
			runOnlyForDeploymentPostprocessing = 0;
		};
/* End PBXFrameworksBuildPhase section */

/* Begin PBXGroup section */
		1905360624D2DC0300D8F93A = {
			isa = PBXGroup;
			children = (
				1905361124D2DC0300D8F93A /* Study-LinkPresentation */,
				1905361024D2DC0300D8F93A /* Products */,
			);
			sourceTree = "<group>";
		};
		1905361024D2DC0300D8F93A /* Products */ = {
			isa = PBXGroup;
			children = (
				1905360F24D2DC0300D8F93A /* Study-LinkPresentation.app */,
			);
			name = Products;
			sourceTree = "<group>";
		};
		1905361124D2DC0300D8F93A /* Study-LinkPresentation */ = {
			isa = PBXGroup;
			children = (
				1905361224D2DC0300D8F93A /* AppDelegate.swift */,
				1905361424D2DC0300D8F93A /* SceneDelegate.swift */,
				1905361624D2DC0300D8F93A /* ViewController.swift */,
				1905361824D2DC0300D8F93A /* Main.storyboard */,
				1905361B24D2DC0500D8F93A /* Assets.xcassets */,
				1905361D24D2DC0500D8F93A /* LaunchScreen.storyboard */,
				1905362024D2DC0500D8F93A /* Info.plist */,
			);
			path = "Study-LinkPresentation";
			sourceTree = "<group>";
		};
/* End PBXGroup section */

/* Begin PBXNativeTarget section */
		1905360E24D2DC0300D8F93A /* Study-LinkPresentation */ = {
			isa = PBXNativeTarget;
			buildConfigurationList = 1905362324D2DC0500D8F93A /* Build configuration list for PBXNativeTarget "Study-LinkPresentation" */;
			buildPhases = (
				1905360B24D2DC0300D8F93A /* Sources */,
				1905360C24D2DC0300D8F93A /* Frameworks */,
				1905360D24D2DC0300D8F93A /* Resources */,
			);
			buildRules = (
			);
			dependencies = (
			);
			name = "Study-LinkPresentation";
			productName = "Study-LinkPresentation";
			productReference = 1905360F24D2DC0300D8F93A /* Study-LinkPresentation.app */;
			productType = "com.apple.product-type.application";
		};
/* End PBXNativeTarget section */

/* Begin PBXProject section */
		1905360724D2DC0300D8F93A /* Project object */ = {
			isa = PBXProject;
			attributes = {
				LastSwiftUpdateCheck = 1150;
				LastUpgradeCheck = 1150;
				ORGANIZATIONNAME = "Takayuki Sei";
				TargetAttributes = {
					1905360E24D2DC0300D8F93A = {
						CreatedOnToolsVersion = 11.5;
					};
				};
			};
			buildConfigurationList = 1905360A24D2DC0300D8F93A /* Build configuration list for PBXProject "Study-LinkPresentation" */;
			compatibilityVersion = "Xcode 9.3";
			developmentRegion = en;
			hasScannedForEncodings = 0;
			knownRegions = (
				en,
				Base,
			);
			mainGroup = 1905360624D2DC0300D8F93A;
			productRefGroup = 1905361024D2DC0300D8F93A /* Products */;
			projectDirPath = "";
			projectRoot = "";
			targets = (
				1905360E24D2DC0300D8F93A /* Study-LinkPresentation */,
			);
		};
/* End PBXProject section */

/* Begin PBXResourcesBuildPhase section */
		1905360D24D2DC0300D8F93A /* Resources */ = {
			isa = PBXResourcesBuildPhase;
			buildActionMask = 2147483647;
			files = (
				1905361F24D2DC0500D8F93A /* LaunchScreen.storyboard in Resources */,
				1905361C24D2DC0500D8F93A /* Assets.xcassets in Resources */,
				1905361A24D2DC0300D8F93A /* Main.storyboard in Resources */,
			);
			runOnlyForDeploymentPostprocessing = 0;
		};
/* End PBXResourcesBuildPhase section */

/* Begin PBXSourcesBuildPhase section */
		1905360B24D2DC0300D8F93A /* Sources */ = {
			isa = PBXSourcesBuildPhase;
			buildActionMask = 2147483647;
			files = (
				1905361724D2DC0300D8F93A /* ViewController.swift in Sources */,
				1905361324D2DC0300D8F93A /* AppDelegate.swift in Sources */,
				1905361524D2DC0300D8F93A /* SceneDelegate.swift in Sources */,
			);
			runOnlyForDeploymentPostprocessing = 0;
		};
/* End PBXSourcesBuildPhase section */

/* Begin PBXVariantGroup section */
		1905361824D2DC0300D8F93A /* Main.storyboard */ = {
			isa = PBXVariantGroup;
			children = (
				1905361924D2DC0300D8F93A /* Base */,
			);
			name = Main.storyboard;
			sourceTree = "<group>";
		};
		1905361D24D2DC0500D8F93A /* LaunchScreen.storyboard */ = {
			isa = PBXVariantGroup;
			children = (
				1905361E24D2DC0500D8F93A /* Base */,
			);
			name = LaunchScreen.storyboard;
			sourceTree = "<group>";
		};
/* End PBXVariantGroup section */

/* Begin XCBuildConfiguration section */
		1905362124D2DC0500D8F93A /* Debug */ = {
			isa = XCBuildConfiguration;
			buildSettings = {
				ALWAYS_SEARCH_USER_PATHS = NO;
				CLANG_ANALYZER_NONNULL = YES;
				CLANG_ANALYZER_NUMBER_OBJECT_CONVERSION = YES_AGGRESSIVE;
				CLANG_CXX_LANGUAGE_STANDARD = "gnu++14";
				CLANG_CXX_LIBRARY = "libc++";
				CLANG_ENABLE_MODULES = YES;
				CLANG_ENABLE_OBJC_ARC = YES;
				CLANG_ENABLE_OBJC_WEAK = YES;
				CLANG_WARN_BLOCK_CAPTURE_AUTORELEASING = YES;
				CLANG_WARN_BOOL_CONVERSION = YES;
				CLANG_WARN_COMMA = YES;
				CLANG_WARN_CONSTANT_CONVERSION = YES;
				CLANG_WARN_DEPRECATED_OBJC_IMPLEMENTATIONS = YES;
				CLANG_WARN_DIRECT_OBJC_ISA_USAGE = YES_ERROR;
				CLANG_WARN_DOCUMENTATION_COMMENTS = YES;
				CLANG_WARN_EMPTY_BODY = YES;
				CLANG_WARN_ENUM_CONVERSION = YES;
				CLANG_WARN_INFINITE_RECURSION = YES;
				CLANG_WARN_INT_CONVERSION = YES;
				CLANG_WARN_NON_LITERAL_NULL_CONVERSION = YES;
				CLANG_WARN_OBJC_IMPLICIT_RETAIN_SELF = YES;
				CLANG_WARN_OBJC_LITERAL_CONVERSION = YES;
				CLANG_WARN_OBJC_ROOT_CLASS = YES_ERROR;
				CLANG_WARN_RANGE_LOOP_ANALYSIS = YES;
				CLANG_WARN_STRICT_PROTOTYPES = YES;
				CLANG_WARN_SUSPICIOUS_MOVE = YES;
				CLANG_WARN_UNGUARDED_AVAILABILITY = YES_AGGRESSIVE;
				CLANG_WARN_UNREACHABLE_CODE = YES;
				CLANG_WARN__DUPLICATE_METHOD_MATCH = YES;
				COPY_PHASE_STRIP = NO;
				DEBUG_INFORMATION_FORMAT = dwarf;
				ENABLE_STRICT_OBJC_MSGSEND = YES;
				ENABLE_TESTABILITY = YES;
				GCC_C_LANGUAGE_STANDARD = gnu11;
				GCC_DYNAMIC_NO_PIC = NO;
				GCC_NO_COMMON_BLOCKS = YES;
				GCC_OPTIMIZATION_LEVEL = 0;
				GCC_PREPROCESSOR_DEFINITIONS = (
					"DEBUG=1",
					"$(inherited)",
				);
				GCC_WARN_64_TO_32_BIT_CONVERSION = YES;
				GCC_WARN_ABOUT_RETURN_TYPE = YES_ERROR;
				GCC_WARN_UNDECLARED_SELECTOR = YES;
				GCC_WARN_UNINITIALIZED_AUTOS = YES_AGGRESSIVE;
				GCC_WARN_UNUSED_FUNCTION = YES;
				GCC_WARN_UNUSED_VARIABLE = YES;
				IPHONEOS_DEPLOYMENT_TARGET = 13.5;
				MTL_ENABLE_DEBUG_INFO = INCLUDE_SOURCE;
				MTL_FAST_MATH = YES;
				ONLY_ACTIVE_ARCH = YES;
				SDKROOT = iphoneos;
				SWIFT_ACTIVE_COMPILATION_CONDITIONS = DEBUG;
				SWIFT_OPTIMIZATION_LEVEL = "-Onone";
			};
			name = Debug;
		};
		1905362224D2DC0500D8F93A /* Release */ = {
			isa = XCBuildConfiguration;
			buildSettings = {
				ALWAYS_SEARCH_USER_PATHS = NO;
				CLANG_ANALYZER_NONNULL = YES;
				CLANG_ANALYZER_NUMBER_OBJECT_CONVERSION = YES_AGGRESSIVE;
				CLANG_CXX_LANGUAGE_STANDARD = "gnu++14";
				CLANG_CXX_LIBRARY = "libc++";
				CLANG_ENABLE_MODULES = YES;
				CLANG_ENABLE_OBJC_ARC = YES;
				CLANG_ENABLE_OBJC_WEAK = YES;
				CLANG_WARN_BLOCK_CAPTURE_AUTORELEASING = YES;
				CLANG_WARN_BOOL_CONVERSION = YES;
				CLANG_WARN_COMMA = YES;
				CLANG_WARN_CONSTANT_CONVERSION = YES;
				CLANG_WARN_DEPRECATED_OBJC_IMPLEMENTATIONS = YES;
				CLANG_WARN_DIRECT_OBJC_ISA_USAGE = YES_ERROR;
				CLANG_WARN_DOCUMENTATION_COMMENTS = YES;
				CLANG_WARN_EMPTY_BODY = YES;
				CLANG_WARN_ENUM_CONVERSION = YES;
				CLANG_WARN_INFINITE_RECURSION = YES;
				CLANG_WARN_INT_CONVERSION = YES;
				CLANG_WARN_NON_LITERAL_NULL_CONVERSION = YES;
				CLANG_WARN_OBJC_IMPLICIT_RETAIN_SELF = YES;
				CLANG_WARN_OBJC_LITERAL_CONVERSION = YES;
				CLANG_WARN_OBJC_ROOT_CLASS = YES_ERROR;
				CLANG_WARN_RANGE_LOOP_ANALYSIS = YES;
				CLANG_WARN_STRICT_PROTOTYPES = YES;
				CLANG_WARN_SUSPICIOUS_MOVE = YES;
				CLANG_WARN_UNGUARDED_AVAILABILITY = YES_AGGRESSIVE;
				CLANG_WARN_UNREACHABLE_CODE = YES;
				CLANG_WARN__DUPLICATE_METHOD_MATCH = YES;
				COPY_PHASE_STRIP = NO;
				DEBUG_INFORMATION_FORMAT = "dwarf-with-dsym";
				ENABLE_NS_ASSERTIONS = NO;
				ENABLE_STRICT_OBJC_MSGSEND = YES;
				GCC_C_LANGUAGE_STANDARD = gnu11;
				GCC_NO_COMMON_BLOCKS = YES;
				GCC_WARN_64_TO_32_BIT_CONVERSION = YES;
				GCC_WARN_ABOUT_RETURN_TYPE = YES_ERROR;
				GCC_WARN_UNDECLARED_SELECTOR = YES;
				GCC_WARN_UNINITIALIZED_AUTOS = YES_AGGRESSIVE;
				GCC_WARN_UNUSED_FUNCTION = YES;
				GCC_WARN_UNUSED_VARIABLE = YES;
				IPHONEOS_DEPLOYMENT_TARGET = 13.5;
				MTL_ENABLE_DEBUG_INFO = NO;
				MTL_FAST_MATH = YES;
				SDKROOT = iphoneos;
				SWIFT_COMPILATION_MODE = wholemodule;
				SWIFT_OPTIMIZATION_LEVEL = "-O";
				VALIDATE_PRODUCT = YES;
			};
			name = Release;
		};
		1905362424D2DC0500D8F93A /* Debug */ = {
			isa = XCBuildConfiguration;
			buildSettings = {
				ASSETCATALOG_COMPILER_APPICON_NAME = AppIcon;
				CODE_SIGN_STYLE = Automatic;
				DEVELOPMENT_TEAM = FRJG63497R;
				INFOPLIST_FILE = "Study-LinkPresentation/Info.plist";
				LD_RUNPATH_SEARCH_PATHS = (
					"$(inherited)",
					"@executable_path/Frameworks",
				);
				PRODUCT_BUNDLE_IDENTIFIER = "net.daybysay.Study-LinkPresentation";
				PRODUCT_NAME = "$(TARGET_NAME)";
				SWIFT_VERSION = 5.0;
				TARGETED_DEVICE_FAMILY = "1,2";
			};
			name = Debug;
		};
		1905362524D2DC0500D8F93A /* Release */ = {
			isa = XCBuildConfiguration;
			buildSettings = {
				ASSETCATALOG_COMPILER_APPICON_NAME = AppIcon;
				CODE_SIGN_STYLE = Automatic;
				DEVELOPMENT_TEAM = FRJG63497R;
				INFOPLIST_FILE = "Study-LinkPresentation/Info.plist";
				LD_RUNPATH_SEARCH_PATHS = (
					"$(inherited)",
					"@executable_path/Frameworks",
				);
				PRODUCT_BUNDLE_IDENTIFIER = "net.daybysay.Study-LinkPresentation";
				PRODUCT_NAME = "$(TARGET_NAME)";
				SWIFT_VERSION = 5.0;
				TARGETED_DEVICE_FAMILY = "1,2";
			};
			name = Release;
		};
/* End XCBuildConfiguration section */

/* Begin XCConfigurationList section */
		1905360A24D2DC0300D8F93A /* Build configuration list for PBXProject "Study-LinkPresentation" */ = {
			isa = XCConfigurationList;
			buildConfigurations = (
				1905362124D2DC0500D8F93A /* Debug */,
				1905362224D2DC0500D8F93A /* Release */,
			);
			defaultConfigurationIsVisible = 0;
			defaultConfigurationName = Release;
		};
		1905362324D2DC0500D8F93A /* Build configuration list for PBXNativeTarget "Study-LinkPresentation" */ = {
			isa = XCConfigurationList;
			buildConfigurations = (
				1905362424D2DC0500D8F93A /* Debug */,
				1905362524D2DC0500D8F93A /* Release */,
			);
			defaultConfigurationIsVisible = 0;
			defaultConfigurationName = Release;
		};
/* End XCConfigurationList section */
	};
	rootObject = 1905360724D2DC0300D8F93A /* Project object */;
}
